
Microsoft Visual Studio Solution File, Format Version 12.00
# Visual Studio Version 17
VisualStudioVersion = 17.9.34728.123
MinimumVisualStudioVersion = 10.0.40219.1
Project("{FAE04EC0-301F-11D3-BF4B-00C04F79EFBC}") = "animestart", "animestart\animestart.csproj", "{DB895598-95FC-494B-B5E8-CF9D477956A1}"
EndProject
Global
	GlobalSection(SolutionConfigurationPlatforms) = preSolution
		Debug|Any CPU = Debug|Any CPU
		Release|Any CPU = Release|Any CPU
	EndGlobalSection
	GlobalSection(ProjectConfigurationPlatforms) = postSolution
		{DB895598-95FC-494B-B5E8-CF9D477956A1}.Debug|Any CPU.ActiveCfg = Debug|Any CPU
		{DB895598-95FC-494B-B5E8-CF9D477956A1}.Debug|Any CPU.Build.0 = Debug|Any CPU
		{DB895598-95FC-494B-B5E8-CF9D477956A1}.Release|Any CPU.ActiveCfg = Release|Any CPU
		{DB895598-95FC-494B-B5E8-CF9D477956A1}.Release|Any CPU.Build.0 = Release|Any CPU
	EndGlobalSection
	GlobalSection(SolutionProperties) = preSolution
		HideSolutionNode = FALSE
	EndGlobalSection
	GlobalSection(ExtensibilityGlobals) = postSolution
		SolutionGuid = {7947CD35-986F-4987-8F73-2E4A66CBA4AB}
	EndGlobalSection
EndGlobal
